
Microsoft Visual Studio Solution File, Format Version 12.00
Project("{FAE04EC0-301F-11D3-BF4B-00C04F79EFBC}") = "PenaltyMethod", "PenaltyMethod\PenaltyMethod.csproj", "{C2D3D44A-F138-4622-835A-789506DFB92C}"
EndProject
Global
	GlobalSection(SolutionConfigurationPlatforms) = preSolution
		Debug|Any CPU = Debug|Any CPU
		Release|Any CPU = Release|Any CPU
	EndGlobalSection
	GlobalSection(ProjectConfigurationPlatforms) = postSolution
		{C2D3D44A-F138-4622-835A-789506DFB92C}.Debug|Any CPU.ActiveCfg = Debug|Any CPU
		{C2D3D44A-F138-4622-835A-789506DFB92C}.Debug|Any CPU.Build.0 = Debug|Any CPU
		{C2D3D44A-F138-4622-835A-789506DFB92C}.Release|Any CPU.ActiveCfg = Release|Any CPU
		{C2D3D44A-F138-4622-835A-789506DFB92C}.Release|Any CPU.Build.0 = Release|Any CPU
	EndGlobalSection
EndGlobal
